// !$*UTF8*$!
{
	archiveVersion = 1;
	classes = {
	};
	objectVersion = 50;
	objects = {

/* Begin PBXBuildFile section */
		E237328621C438A10064F94A /* AppDelegate.swift in Sources */ = {isa = PBXBuildFile; fileRef = E237328521C438A10064F94A /* AppDelegate.swift */; };
		E237328D21C438A30064F94A /* Assets.xcassets in Resources */ = {isa = PBXBuildFile; fileRef = E237328C21C438A30064F94A /* Assets.xcassets */; };
		E237329021C438A30064F94A /* LaunchScreen.storyboard in Resources */ = {isa = PBXBuildFile; fileRef = E237328E21C438A30064F94A /* LaunchScreen.storyboard */; };
		E237329B21C438A30064F94A /* Twitter_DemoTests.swift in Sources */ = {isa = PBXBuildFile; fileRef = E237329A21C438A30064F94A /* Twitter_DemoTests.swift */; };
		E23732A621C438A40064F94A /* Twitter_DemoUITests.swift in Sources */ = {isa = PBXBuildFile; fileRef = E23732A521C438A40064F94A /* Twitter_DemoUITests.swift */; };
		E23732B521C43AAA0064F94A /* HomeController.swift in Sources */ = {isa = PBXBuildFile; fileRef = E23732B421C43AAA0064F94A /* HomeController.swift */; };
/* End PBXBuildFile section */

/* Begin PBXContainerItemProxy section */
		E237329721C438A30064F94A /* PBXContainerItemProxy */ = {
			isa = PBXContainerItemProxy;
			containerPortal = E237327A21C438A10064F94A /* Project object */;
			proxyType = 1;
			remoteGlobalIDString = E237328121C438A10064F94A;
			remoteInfo = "Twitter Demo";
		};
		E23732A221C438A40064F94A /* PBXContainerItemProxy */ = {
			isa = PBXContainerItemProxy;
			containerPortal = E237327A21C438A10064F94A /* Project object */;
			proxyType = 1;
			remoteGlobalIDString = E237328121C438A10064F94A;
			remoteInfo = "Twitter Demo";
		};
/* End PBXContainerItemProxy section */

/* Begin PBXFileReference section */
		E237328221C438A10064F94A /* Twitter Demo.app */ = {isa = PBXFileReference; explicitFileType = wrapper.application; includeInIndex = 0; path = "Twitter Demo.app"; sourceTree = BUILT_PRODUCTS_DIR; };
		E237328521C438A10064F94A /* AppDelegate.swift */ = {isa = PBXFileReference; lastKnownFileType = sourcecode.swift; path = AppDelegate.swift; sourceTree = "<group>"; };
		E237328C21C438A30064F94A /* Assets.xcassets */ = {isa = PBXFileReference; lastKnownFileType = folder.assetcatalog; path = Assets.xcassets; sourceTree = "<group>"; };
		E237328F21C438A30064F94A /* Base */ = {isa = PBXFileReference; lastKnownFileType = file.storyboard; name = Base; path = Base.lproj/LaunchScreen.storyboard; sourceTree = "<group>"; };
		E237329121C438A30064F94A /* Info.plist */ = {isa = PBXFileReference; lastKnownFileType = text.plist.xml; path = Info.plist; sourceTree = "<group>"; };
		E237329621C438A30064F94A /* Twitter DemoTests.xctest */ = {isa = PBXFileReference; explicitFileType = wrapper.cfbundle; includeInIndex = 0; path = "Twitter DemoTests.xctest"; sourceTree = BUILT_PRODUCTS_DIR; };
		E237329A21C438A30064F94A /* Twitter_DemoTests.swift */ = {isa = PBXFileReference; lastKnownFileType = sourcecode.swift; path = Twitter_DemoTests.swift; sourceTree = "<group>"; };
		E237329C21C438A30064F94A /* Info.plist */ = {isa = PBXFileReference; lastKnownFileType = text.plist.xml; path = Info.plist; sourceTree = "<group>"; };
		E23732A121C438A30064F94A /* Twitter DemoUITests.xctest */ = {isa = PBXFileReference; explicitFileType = wrapper.cfbundle; includeInIndex = 0; path = "Twitter DemoUITests.xctest"; sourceTree = BUILT_PRODUCTS_DIR; };
		E23732A521C438A40064F94A /* Twitter_DemoUITests.swift */ = {isa = PBXFileReference; lastKnownFileType = sourcecode.swift; path = Twitter_DemoUITests.swift; sourceTree = "<group>"; };
		E23732A721C438A40064F94A /* Info.plist */ = {isa = PBXFileReference; lastKnownFileType = text.plist.xml; path = Info.plist; sourceTree = "<group>"; };
		E23732B421C43AAA0064F94A /* HomeController.swift */ = {isa = PBXFileReference; lastKnownFileType = sourcecode.swift; path = HomeController.swift; sourceTree = "<group>"; };
/* End PBXFileReference section */

/* Begin PBXFrameworksBuildPhase section */
		E237327F21C438A10064F94A /* Frameworks */ = {
			isa = PBXFrameworksBuildPhase;
			buildActionMask = 2147483647;
			files = (
			);
			runOnlyForDeploymentPostprocessing = 0;
		};
		E237329321C438A30064F94A /* Frameworks */ = {
			isa = PBXFrameworksBuildPhase;
			buildActionMask = 2147483647;
			files = (
			);
			runOnlyForDeploymentPostprocessing = 0;
		};
		E237329E21C438A30064F94A /* Frameworks */ = {
			isa = PBXFrameworksBuildPhase;
			buildActionMask = 2147483647;
			files = (
			);
			runOnlyForDeploymentPostprocessing = 0;
		};
/* End PBXFrameworksBuildPhase section */

/* Begin PBXGroup section */
		E237327921C438A10064F94A = {
			isa = PBXGroup;
			children = (
				E237328421C438A10064F94A /* Twitter Demo */,
				E237329921C438A30064F94A /* Twitter DemoTests */,
				E23732A421C438A40064F94A /* Twitter DemoUITests */,
				E237328321C438A10064F94A /* Products */,
			);
			sourceTree = "<group>";
		};
		E237328321C438A10064F94A /* Products */ = {
			isa = PBXGroup;
			children = (
				E237328221C438A10064F94A /* Twitter Demo.app */,
				E237329621C438A30064F94A /* Twitter DemoTests.xctest */,
				E23732A121C438A30064F94A /* Twitter DemoUITests.xctest */,
			);
			name = Products;
			sourceTree = "<group>";
		};
		E237328421C438A10064F94A /* Twitter Demo */ = {
			isa = PBXGroup;
			children = (
				E23732B321C438DE0064F94A /* supporting files */,
				E237329121C438A30064F94A /* Info.plist */,
				E23732B421C43AAA0064F94A /* HomeController.swift */,
			);
			path = "Twitter Demo";
			sourceTree = "<group>";
		};
		E237329921C438A30064F94A /* Twitter DemoTests */ = {
			isa = PBXGroup;
			children = (
				E237329A21C438A30064F94A /* Twitter_DemoTests.swift */,
				E237329C21C438A30064F94A /* Info.plist */,
			);
			path = "Twitter DemoTests";
			sourceTree = "<group>";
		};
		E23732A421C438A40064F94A /* Twitter DemoUITests */ = {
			isa = PBXGroup;
			children = (
				E23732A521C438A40064F94A /* Twitter_DemoUITests.swift */,
				E23732A721C438A40064F94A /* Info.plist */,
			);
			path = "Twitter DemoUITests";
			sourceTree = "<group>";
		};
		E23732B321C438DE0064F94A /* supporting files */ = {
			isa = PBXGroup;
			children = (
				E237328521C438A10064F94A /* AppDelegate.swift */,
				E237328C21C438A30064F94A /* Assets.xcassets */,
				E237328E21C438A30064F94A /* LaunchScreen.storyboard */,
			);
			path = "supporting files";
			sourceTree = "<group>";
		};
/* End PBXGroup section */

/* Begin PBXNativeTarget section */
		E237328121C438A10064F94A /* Twitter Demo */ = {
			isa = PBXNativeTarget;
			buildConfigurationList = E23732AA21C438A40064F94A /* Build configuration list for PBXNativeTarget "Twitter Demo" */;
			buildPhases = (
				E237327E21C438A10064F94A /* Sources */,
				E237327F21C438A10064F94A /* Frameworks */,
				E237328021C438A10064F94A /* Resources */,
			);
			buildRules = (
			);
			dependencies = (
			);
			name = "Twitter Demo";
			productName = "Twitter Demo";
			productReference = E237328221C438A10064F94A /* Twitter Demo.app */;
			productType = "com.apple.product-type.application";
		};
		E237329521C438A30064F94A /* Twitter DemoTests */ = {
			isa = PBXNativeTarget;
			buildConfigurationList = E23732AD21C438A40064F94A /* Build configuration list for PBXNativeTarget "Twitter DemoTests" */;
			buildPhases = (
				E237329221C438A30064F94A /* Sources */,
				E237329321C438A30064F94A /* Frameworks */,
				E237329421C438A30064F94A /* Resources */,
			);
			buildRules = (
			);
			dependencies = (
				E237329821C438A30064F94A /* PBXTargetDependency */,
			);
			name = "Twitter DemoTests";
			productName = "Twitter DemoTests";
			productReference = E237329621C438A30064F94A /* Twitter DemoTests.xctest */;
			productType = "com.apple.product-type.bundle.unit-test";
		};
		E23732A021C438A30064F94A /* Twitter DemoUITests */ = {
			isa = PBXNativeTarget;
			buildConfigurationList = E23732B021C438A40064F94A /* Build configuration list for PBXNativeTarget "Twitter DemoUITests" */;
			buildPhases = (
				E237329D21C438A30064F94A /* Sources */,
				E237329E21C438A30064F94A /* Frameworks */,
				E237329F21C438A30064F94A /* Resources */,
			);
			buildRules = (
			);
			dependencies = (
				E23732A321C438A40064F94A /* PBXTargetDependency */,
			);
			name = "Twitter DemoUITests";
			productName = "Twitter DemoUITests";
			productReference = E23732A121C438A30064F94A /* Twitter DemoUITests.xctest */;
			productType = "com.apple.product-type.bundle.ui-testing";
		};
/* End PBXNativeTarget section */

/* Begin PBXProject section */
		E237327A21C438A10064F94A /* Project object */ = {
			isa = PBXProject;
			attributes = {
				LastSwiftUpdateCheck = 0930;
				LastUpgradeCheck = 0930;
				ORGANIZATIONNAME = "Ahmed Ibrahim";
				TargetAttributes = {
					E237328121C438A10064F94A = {
						CreatedOnToolsVersion = 9.3;
					};
					E237329521C438A30064F94A = {
						CreatedOnToolsVersion = 9.3;
						TestTargetID = E237328121C438A10064F94A;
					};
					E23732A021C438A30064F94A = {
						CreatedOnToolsVersion = 9.3;
						TestTargetID = E237328121C438A10064F94A;
					};
				};
			};
			buildConfigurationList = E237327D21C438A10064F94A /* Build configuration list for PBXProject "Twitter Demo" */;
			compatibilityVersion = "Xcode 9.3";
			developmentRegion = en;
			hasScannedForEncodings = 0;
			knownRegions = (
				en,
				Base,
			);
			mainGroup = E237327921C438A10064F94A;
			productRefGroup = E237328321C438A10064F94A /* Products */;
			projectDirPath = "";
			projectRoot = "";
			targets = (
				E237328121C438A10064F94A /* Twitter Demo */,
				E237329521C438A30064F94A /* Twitter DemoTests */,
				E23732A021C438A30064F94A /* Twitter DemoUITests */,
			);
		};
/* End PBXProject section */

/* Begin PBXResourcesBuildPhase section */
		E237328021C438A10064F94A /* Resources */ = {
			isa = PBXResourcesBuildPhase;
			buildActionMask = 2147483647;
			files = (
				E237329021C438A30064F94A /* LaunchScreen.storyboard in Resources */,
				E237328D21C438A30064F94A /* Assets.xcassets in Resources */,
			);
			runOnlyForDeploymentPostprocessing = 0;
		};
		E237329421C438A30064F94A /* Resources */ = {
			isa = PBXResourcesBuildPhase;
			buildActionMask = 2147483647;
			files = (
			);
			runOnlyForDeploymentPostprocessing = 0;
		};
		E237329F21C438A30064F94A /* Resources */ = {
			isa = PBXResourcesBuildPhase;
			buildActionMask = 2147483647;
			files = (
			);
			runOnlyForDeploymentPostprocessing = 0;
		};
/* End PBXResourcesBuildPhase section */

/* Begin PBXSourcesBuildPhase section */
		E237327E21C438A10064F94A /* Sources */ = {
			isa = PBXSourcesBuildPhase;
			buildActionMask = 2147483647;
			files = (
				E237328621C438A10064F94A /* AppDelegate.swift in Sources */,
				E23732B521C43AAA0064F94A /* HomeController.swift in Sources */,
			);
			runOnlyForDeploymentPostprocessing = 0;
		};
		E237329221C438A30064F94A /* Sources */ = {
			isa = PBXSourcesBuildPhase;
			buildActionMask = 2147483647;
			files = (
				E237329B21C438A30064F94A /* Twitter_DemoTests.swift in Sources */,
			);
			runOnlyForDeploymentPostprocessing = 0;
		};
		E237329D21C438A30064F94A /* Sources */ = {
			isa = PBXSourcesBuildPhase;
			buildActionMask = 2147483647;
			files = (
				E23732A621C438A40064F94A /* Twitter_DemoUITests.swift in Sources */,
			);
			runOnlyForDeploymentPostprocessing = 0;
		};
/* End PBXSourcesBuildPhase section */

/* Begin PBXTargetDependency section */
		E237329821C438A30064F94A /* PBXTargetDependency */ = {
			isa = PBXTargetDependency;
			target = E237328121C438A10064F94A /* Twitter Demo */;
			targetProxy = E237329721C438A30064F94A /* PBXContainerItemProxy */;
		};
		E23732A321C438A40064F94A /* PBXTargetDependency */ = {
			isa = PBXTargetDependency;
			target = E237328121C438A10064F94A /* Twitter Demo */;
			targetProxy = E23732A221C438A40064F94A /* PBXContainerItemProxy */;
		};
/* End PBXTargetDependency section */

/* Begin PBXVariantGroup section */
		E237328E21C438A30064F94A /* LaunchScreen.storyboard */ = {
			isa = PBXVariantGroup;
			children = (
				E237328F21C438A30064F94A /* Base */,
			);
			name = LaunchScreen.storyboard;
			sourceTree = "<group>";
		};
/* End PBXVariantGroup section */

/* Begin XCBuildConfiguration section */
		E23732A821C438A40064F94A /* Debug */ = {
			isa = XCBuildConfiguration;
			buildSettings = {
				ALWAYS_SEARCH_USER_PATHS = NO;
				CLANG_ANALYZER_NONNULL = YES;
				CLANG_ANALYZER_NUMBER_OBJECT_CONVERSION = YES_AGGRESSIVE;
				CLANG_CXX_LANGUAGE_STANDARD = "gnu++14";
				CLANG_CXX_LIBRARY = "libc++";
				CLANG_ENABLE_MODULES = YES;
				CLANG_ENABLE_OBJC_ARC = YES;
				CLANG_ENABLE_OBJC_WEAK = YES;
				CLANG_WARN_BLOCK_CAPTURE_AUTORELEASING = YES;
				CLANG_WARN_BOOL_CONVERSION = YES;
				CLANG_WARN_COMMA = YES;
				CLANG_WARN_CONSTANT_CONVERSION = YES;
				CLANG_WARN_DEPRECATED_OBJC_IMPLEMENTATIONS = YES;
				CLANG_WARN_DIRECT_OBJC_ISA_USAGE = YES_ERROR;
				CLANG_WARN_DOCUMENTATION_COMMENTS = YES;
				CLANG_WARN_EMPTY_BODY = YES;
				CLANG_WARN_ENUM_CONVERSION = YES;
				CLANG_WARN_INFINITE_RECURSION = YES;
				CLANG_WARN_INT_CONVERSION = YES;
				CLANG_WARN_NON_LITERAL_NULL_CONVERSION = YES;
				CLANG_WARN_OBJC_IMPLICIT_RETAIN_SELF = YES;
				CLANG_WARN_OBJC_LITERAL_CONVERSION = YES;
				CLANG_WARN_OBJC_ROOT_CLASS = YES_ERROR;
				CLANG_WARN_RANGE_LOOP_ANALYSIS = YES;
				CLANG_WARN_STRICT_PROTOTYPES = YES;
				CLANG_WARN_SUSPICIOUS_MOVE = YES;
				CLANG_WARN_UNGUARDED_AVAILABILITY = YES_AGGRESSIVE;
				CLANG_WARN_UNREACHABLE_CODE = YES;
				CLANG_WARN__DUPLICATE_METHOD_MATCH = YES;
				CODE_SIGN_IDENTITY = "iPhone Developer";
				COPY_PHASE_STRIP = NO;
				DEBUG_INFORMATION_FORMAT = dwarf;
				ENABLE_STRICT_OBJC_MSGSEND = YES;
				ENABLE_TESTABILITY = YES;
				GCC_C_LANGUAGE_STANDARD = gnu11;
				GCC_DYNAMIC_NO_PIC = NO;
				GCC_NO_COMMON_BLOCKS = YES;
				GCC_OPTIMIZATION_LEVEL = 0;
				GCC_PREPROCESSOR_DEFINITIONS = (
					"DEBUG=1",
					"$(inherited)",
				);
				GCC_WARN_64_TO_32_BIT_CONVERSION = YES;
				GCC_WARN_ABOUT_RETURN_TYPE = YES_ERROR;
				GCC_WARN_UNDECLARED_SELECTOR = YES;
				GCC_WARN_UNINITIALIZED_AUTOS = YES_AGGRESSIVE;
				GCC_WARN_UNUSED_FUNCTION = YES;
				GCC_WARN_UNUSED_VARIABLE = YES;
				IPHONEOS_DEPLOYMENT_TARGET = 11.3;
				MTL_ENABLE_DEBUG_INFO = YES;
				ONLY_ACTIVE_ARCH = YES;
				SDKROOT = iphoneos;
				SWIFT_ACTIVE_COMPILATION_CONDITIONS = DEBUG;
				SWIFT_OPTIMIZATION_LEVEL = "-Onone";
			};
			name = Debug;
		};
		E23732A921C438A40064F94A /* Release */ = {
			isa = XCBuildConfiguration;
			buildSettings = {
				ALWAYS_SEARCH_USER_PATHS = NO;
				CLANG_ANALYZER_NONNULL = YES;
				CLANG_ANALYZER_NUMBER_OBJECT_CONVERSION = YES_AGGRESSIVE;
				CLANG_CXX_LANGUAGE_STANDARD = "gnu++14";
				CLANG_CXX_LIBRARY = "libc++";
				CLANG_ENABLE_MODULES = YES;
				CLANG_ENABLE_OBJC_ARC = YES;
				CLANG_ENABLE_OBJC_WEAK = YES;
				CLANG_WARN_BLOCK_CAPTURE_AUTORELEASING = YES;
				CLANG_WARN_BOOL_CONVERSION = YES;
				CLANG_WARN_COMMA = YES;
				CLANG_WARN_CONSTANT_CONVERSION = YES;
				CLANG_WARN_DEPRECATED_OBJC_IMPLEMENTATIONS = YES;
				CLANG_WARN_DIRECT_OBJC_ISA_USAGE = YES_ERROR;
				CLANG_WARN_DOCUMENTATION_COMMENTS = YES;
				CLANG_WARN_EMPTY_BODY = YES;
				CLANG_WARN_ENUM_CONVERSION = YES;
				CLANG_WARN_INFINITE_RECURSION = YES;
				CLANG_WARN_INT_CONVERSION = YES;
				CLANG_WARN_NON_LITERAL_NULL_CONVERSION = YES;
				CLANG_WARN_OBJC_IMPLICIT_RETAIN_SELF = YES;
				CLANG_WARN_OBJC_LITERAL_CONVERSION = YES;
				CLANG_WARN_OBJC_ROOT_CLASS = YES_ERROR;
				CLANG_WARN_RANGE_LOOP_ANALYSIS = YES;
				CLANG_WARN_STRICT_PROTOTYPES = YES;
				CLANG_WARN_SUSPICIOUS_MOVE = YES;
				CLANG_WARN_UNGUARDED_AVAILABILITY = YES_AGGRESSIVE;
				CLANG_WARN_UNREACHABLE_CODE = YES;
				CLANG_WARN__DUPLICATE_METHOD_MATCH = YES;
				CODE_SIGN_IDENTITY = "iPhone Developer";
				COPY_PHASE_STRIP = NO;
				DEBUG_INFORMATION_FORMAT = "dwarf-with-dsym";
				ENABLE_NS_ASSERTIONS = NO;
				ENABLE_STRICT_OBJC_MSGSEND = YES;
				GCC_C_LANGUAGE_STANDARD = gnu11;
				GCC_NO_COMMON_BLOCKS = YES;
				GCC_WARN_64_TO_32_BIT_CONVERSION = YES;
				GCC_WARN_ABOUT_RETURN_TYPE = YES_ERROR;
				GCC_WARN_UNDECLARED_SELECTOR = YES;
				GCC_WARN_UNINITIALIZED_AUTOS = YES_AGGRESSIVE;
				GCC_WARN_UNUSED_FUNCTION = YES;
				GCC_WARN_UNUSED_VARIABLE = YES;
				IPHONEOS_DEPLOYMENT_TARGET = 11.3;
				MTL_ENABLE_DEBUG_INFO = NO;
				SDKROOT = iphoneos;
				SWIFT_OPTIMIZATION_LEVEL = "-Owholemodule";
				VALIDATE_PRODUCT = YES;
			};
			name = Release;
		};
		E23732AB21C438A40064F94A /* Debug */ = {
			isa = XCBuildConfiguration;
			buildSettings = {
				ASSETCATALOG_COMPILER_APPICON_NAME = AppIcon;
				CODE_SIGN_STYLE = Automatic;
				INFOPLIST_FILE = "Twitter Demo/Info.plist";
				LD_RUNPATH_SEARCH_PATHS = (
					"$(inherited)",
					"@executable_path/Frameworks",
				);
				PRODUCT_BUNDLE_IDENTIFIER = "ahmed.fci93.Twitter-Demo";
				PRODUCT_NAME = "$(TARGET_NAME)";
				SWIFT_VERSION = 4.0;
				TARGETED_DEVICE_FAMILY = "1,2";
			};
			name = Debug;
		};
		E23732AC21C438A40064F94A /* Release */ = {
			isa = XCBuildConfiguration;
			buildSettings = {
				ASSETCATALOG_COMPILER_APPICON_NAME = AppIcon;
				CODE_SIGN_STYLE = Automatic;
				INFOPLIST_FILE = "Twitter Demo/Info.plist";
				LD_RUNPATH_SEARCH_PATHS = (
					"$(inherited)",
					"@executable_path/Frameworks",
				);
				PRODUCT_BUNDLE_IDENTIFIER = "ahmed.fci93.Twitter-Demo";
				PRODUCT_NAME = "$(TARGET_NAME)";
				SWIFT_VERSION = 4.0;
				TARGETED_DEVICE_FAMILY = "1,2";
			};
			name = Release;
		};
		E23732AE21C438A40064F94A /* Debug */ = {
			isa = XCBuildConfiguration;
			buildSettings = {
				ALWAYS_EMBED_SWIFT_STANDARD_LIBRARIES = YES;
				BUNDLE_LOADER = "$(TEST_HOST)";
				CODE_SIGN_STYLE = Automatic;
				INFOPLIST_FILE = "Twitter DemoTests/Info.plist";
				LD_RUNPATH_SEARCH_PATHS = (
					"$(inherited)",
					"@executable_path/Frameworks",
					"@loader_path/Frameworks",
				);
				PRODUCT_BUNDLE_IDENTIFIER = "ahmed.fci93.Twitter-DemoTests";
				PRODUCT_NAME = "$(TARGET_NAME)";
				SWIFT_VERSION = 4.0;
				TARGETED_DEVICE_FAMILY = "1,2";
				TEST_HOST = "$(BUILT_PRODUCTS_DIR)/Twitter Demo.app/Twitter Demo";
			};
			name = Debug;
		};
		E23732AF21C438A40064F94A /* Release */ = {
			isa = XCBuildConfiguration;
			buildSettings = {
				ALWAYS_EMBED_SWIFT_STANDARD_LIBRARIES = YES;
				BUNDLE_LOADER = "$(TEST_HOST)";
				CODE_SIGN_STYLE = Automatic;
				INFOPLIST_FILE = "Twitter DemoTests/Info.plist";
				LD_RUNPATH_SEARCH_PATHS = (
					"$(inherited)",
					"@executable_path/Frameworks",
					"@loader_path/Frameworks",
				);
				PRODUCT_BUNDLE_IDENTIFIER = "ahmed.fci93.Twitter-DemoTests";
				PRODUCT_NAME = "$(TARGET_NAME)";
				SWIFT_VERSION = 4.0;
				TARGETED_DEVICE_FAMILY = "1,2";
				TEST_HOST = "$(BUILT_PRODUCTS_DIR)/Twitter Demo.app/Twitter Demo";
			};
			name = Release;
		};
		E23732B121C438A40064F94A /* Debug */ = {
			isa = XCBuildConfiguration;
			buildSettings = {
				ALWAYS_EMBED_SWIFT_STANDARD_LIBRARIES = YES;
				CODE_SIGN_STYLE = Automatic;
				INFOPLIST_FILE = "Twitter DemoUITests/Info.plist";
				LD_RUNPATH_SEARCH_PATHS = (
					"$(inherited)",
					"@executable_path/Frameworks",
					"@loader_path/Frameworks",
				);
				PRODUCT_BUNDLE_IDENTIFIER = "ahmed.fci93.Twitter-DemoUITests";
				PRODUCT_NAME = "$(TARGET_NAME)";
				SWIFT_VERSION = 4.0;
				TARGETED_DEVICE_FAMILY = "1,2";
				TEST_TARGET_NAME = "Twitter Demo";
			};
			name = Debug;
		};
		E23732B221C438A40064F94A /* Release */ = {
			isa = XCBuildConfiguration;
			buildSettings = {
				ALWAYS_EMBED_SWIFT_STANDARD_LIBRARIES = YES;
				CODE_SIGN_STYLE = Automatic;
				INFOPLIST_FILE = "Twitter DemoUITests/Info.plist";
				LD_RUNPATH_SEARCH_PATHS = (
					"$(inherited)",
					"@executable_path/Frameworks",
					"@loader_path/Frameworks",
				);
				PRODUCT_BUNDLE_IDENTIFIER = "ahmed.fci93.Twitter-DemoUITests";
				PRODUCT_NAME = "$(TARGET_NAME)";
				SWIFT_VERSION = 4.0;
				TARGETED_DEVICE_FAMILY = "1,2";
				TEST_TARGET_NAME = "Twitter Demo";
			};
			name = Release;
		};
/* End XCBuildConfiguration section */

/* Begin XCConfigurationList section */
		E237327D21C438A10064F94A /* Build configuration list for PBXProject "Twitter Demo" */ = {
			isa = XCConfigurationList;
			buildConfigurations = (
				E23732A821C438A40064F94A /* Debug */,
				E23732A921C438A40064F94A /* Release */,
			);
			defaultConfigurationIsVisible = 0;
			defaultConfigurationName = Release;
		};
		E23732AA21C438A40064F94A /* Build configuration list for PBXNativeTarget "Twitter Demo" */ = {
			isa = XCConfigurationList;
			buildConfigurations = (
				E23732AB21C438A40064F94A /* Debug */,
				E23732AC21C438A40064F94A /* Release */,
			);
			defaultConfigurationIsVisible = 0;
			defaultConfigurationName = Release;
		};
		E23732AD21C438A40064F94A /* Build configuration list for PBXNativeTarget "Twitter DemoTests" */ = {
			isa = XCConfigurationList;
			buildConfigurations = (
				E23732AE21C438A40064F94A /* Debug */,
				E23732AF21C438A40064F94A /* Release */,
			);
			defaultConfigurationIsVisible = 0;
			defaultConfigurationName = Release;
		};
		E23732B021C438A40064F94A /* Build configuration list for PBXNativeTarget "Twitter DemoUITests" */ = {
			isa = XCConfigurationList;
			buildConfigurations = (
				E23732B121C438A40064F94A /* Debug */,
				E23732B221C438A40064F94A /* Release */,
			);
			defaultConfigurationIsVisible = 0;
			defaultConfigurationName = Release;
		};
/* End XCConfigurationList section */
	};
	rootObject = E237327A21C438A10064F94A /* Project object */;
}
