// !$*UTF8*$!
{
	archiveVersion = 1;
	classes = {
	};
	objectVersion = 50;
	objects = {

/* Begin PBXBuildFile section */
		E2A18439216BD5E000C5089D /* AppDelegate.swift in Sources */ = {isa = PBXBuildFile; fileRef = E2A18438216BD5E000C5089D /* AppDelegate.swift */; };
		E2A1843B216BD5E000C5089D /* LoginVC.swift in Sources */ = {isa = PBXBuildFile; fileRef = E2A1843A216BD5E000C5089D /* LoginVC.swift */; };
		E2A1843E216BD5E000C5089D /* Main.storyboard in Resources */ = {isa = PBXBuildFile; fileRef = E2A1843C216BD5E000C5089D /* Main.storyboard */; };
		E2A18440216BD5E300C5089D /* Assets.xcassets in Resources */ = {isa = PBXBuildFile; fileRef = E2A1843F216BD5E300C5089D /* Assets.xcassets */; };
		E2A18443216BD5E300C5089D /* LaunchScreen.storyboard in Resources */ = {isa = PBXBuildFile; fileRef = E2A18441216BD5E300C5089D /* LaunchScreen.storyboard */; };
		E2A1844E216BD5E300C5089D /* Connect_Screens_With_SeguesTests.swift in Sources */ = {isa = PBXBuildFile; fileRef = E2A1844D216BD5E300C5089D /* Connect_Screens_With_SeguesTests.swift */; };
		E2A18459216BD5E300C5089D /* Connect_Screens_With_SeguesUITests.swift in Sources */ = {isa = PBXBuildFile; fileRef = E2A18458216BD5E300C5089D /* Connect_Screens_With_SeguesUITests.swift */; };
		E2A18469216BDAFA00C5089D /* MusicListVC.swift in Sources */ = {isa = PBXBuildFile; fileRef = E2A18468216BDAFA00C5089D /* MusicListVC.swift */; };
		E2A1846B216BE1B600C5089D /* PlaySongVC.swift in Sources */ = {isa = PBXBuildFile; fileRef = E2A1846A216BE1B600C5089D /* PlaySongVC.swift */; };
/* End PBXBuildFile section */

/* Begin PBXContainerItemProxy section */
		E2A1844A216BD5E300C5089D /* PBXContainerItemProxy */ = {
			isa = PBXContainerItemProxy;
			containerPortal = E2A1842D216BD5E000C5089D /* Project object */;
			proxyType = 1;
			remoteGlobalIDString = E2A18434216BD5E000C5089D;
			remoteInfo = "Connect Screens With Segues";
		};
		E2A18455216BD5E300C5089D /* PBXContainerItemProxy */ = {
			isa = PBXContainerItemProxy;
			containerPortal = E2A1842D216BD5E000C5089D /* Project object */;
			proxyType = 1;
			remoteGlobalIDString = E2A18434216BD5E000C5089D;
			remoteInfo = "Connect Screens With Segues";
		};
/* End PBXContainerItemProxy section */

/* Begin PBXFileReference section */
		E2A18435216BD5E000C5089D /* Connect Screens With Segues.app */ = {isa = PBXFileReference; explicitFileType = wrapper.application; includeInIndex = 0; path = "Connect Screens With Segues.app"; sourceTree = BUILT_PRODUCTS_DIR; };
		E2A18438216BD5E000C5089D /* AppDelegate.swift */ = {isa = PBXFileReference; lastKnownFileType = sourcecode.swift; path = AppDelegate.swift; sourceTree = "<group>"; };
		E2A1843A216BD5E000C5089D /* LoginVC.swift */ = {isa = PBXFileReference; lastKnownFileType = sourcecode.swift; path = LoginVC.swift; sourceTree = "<group>"; };
		E2A1843D216BD5E000C5089D /* Base */ = {isa = PBXFileReference; lastKnownFileType = file.storyboard; name = Base; path = Base.lproj/Main.storyboard; sourceTree = "<group>"; };
		E2A1843F216BD5E300C5089D /* Assets.xcassets */ = {isa = PBXFileReference; lastKnownFileType = folder.assetcatalog; path = Assets.xcassets; sourceTree = "<group>"; };
		E2A18442216BD5E300C5089D /* Base */ = {isa = PBXFileReference; lastKnownFileType = file.storyboard; name = Base; path = Base.lproj/LaunchScreen.storyboard; sourceTree = "<group>"; };
		E2A18444216BD5E300C5089D /* Info.plist */ = {isa = PBXFileReference; lastKnownFileType = text.plist.xml; path = Info.plist; sourceTree = "<group>"; };
		E2A18449216BD5E300C5089D /* Connect Screens With SeguesTests.xctest */ = {isa = PBXFileReference; explicitFileType = wrapper.cfbundle; includeInIndex = 0; path = "Connect Screens With SeguesTests.xctest"; sourceTree = BUILT_PRODUCTS_DIR; };
		E2A1844D216BD5E300C5089D /* Connect_Screens_With_SeguesTests.swift */ = {isa = PBXFileReference; lastKnownFileType = sourcecode.swift; path = Connect_Screens_With_SeguesTests.swift; sourceTree = "<group>"; };
		E2A1844F216BD5E300C5089D /* Info.plist */ = {isa = PBXFileReference; lastKnownFileType = text.plist.xml; path = Info.plist; sourceTree = "<group>"; };
		E2A18454216BD5E300C5089D /* Connect Screens With SeguesUITests.xctest */ = {isa = PBXFileReference; explicitFileType = wrapper.cfbundle; includeInIndex = 0; path = "Connect Screens With SeguesUITests.xctest"; sourceTree = BUILT_PRODUCTS_DIR; };
		E2A18458216BD5E300C5089D /* Connect_Screens_With_SeguesUITests.swift */ = {isa = PBXFileReference; lastKnownFileType = sourcecode.swift; path = Connect_Screens_With_SeguesUITests.swift; sourceTree = "<group>"; };
		E2A1845A216BD5E300C5089D /* Info.plist */ = {isa = PBXFileReference; lastKnownFileType = text.plist.xml; path = Info.plist; sourceTree = "<group>"; };
		E2A18468216BDAFA00C5089D /* MusicListVC.swift */ = {isa = PBXFileReference; lastKnownFileType = sourcecode.swift; path = MusicListVC.swift; sourceTree = "<group>"; };
		E2A1846A216BE1B600C5089D /* PlaySongVC.swift */ = {isa = PBXFileReference; lastKnownFileType = sourcecode.swift; path = PlaySongVC.swift; sourceTree = "<group>"; };
/* End PBXFileReference section */

/* Begin PBXFrameworksBuildPhase section */
		E2A18432216BD5E000C5089D /* Frameworks */ = {
			isa = PBXFrameworksBuildPhase;
			buildActionMask = 2147483647;
			files = (
			);
			runOnlyForDeploymentPostprocessing = 0;
		};
		E2A18446216BD5E300C5089D /* Frameworks */ = {
			isa = PBXFrameworksBuildPhase;
			buildActionMask = 2147483647;
			files = (
			);
			runOnlyForDeploymentPostprocessing = 0;
		};
		E2A18451216BD5E300C5089D /* Frameworks */ = {
			isa = PBXFrameworksBuildPhase;
			buildActionMask = 2147483647;
			files = (
			);
			runOnlyForDeploymentPostprocessing = 0;
		};
/* End PBXFrameworksBuildPhase section */

/* Begin PBXGroup section */
		E2A1842C216BD5E000C5089D = {
			isa = PBXGroup;
			children = (
				E2A18437216BD5E000C5089D /* Connect Screens With Segues */,
				E2A1844C216BD5E300C5089D /* Connect Screens With SeguesTests */,
				E2A18457216BD5E300C5089D /* Connect Screens With SeguesUITests */,
				E2A18436216BD5E000C5089D /* Products */,
			);
			sourceTree = "<group>";
		};
		E2A18436216BD5E000C5089D /* Products */ = {
			isa = PBXGroup;
			children = (
				E2A18435216BD5E000C5089D /* Connect Screens With Segues.app */,
				E2A18449216BD5E300C5089D /* Connect Screens With SeguesTests.xctest */,
				E2A18454216BD5E300C5089D /* Connect Screens With SeguesUITests.xctest */,
			);
			name = Products;
			sourceTree = "<group>";
		};
		E2A18437216BD5E000C5089D /* Connect Screens With Segues */ = {
			isa = PBXGroup;
			children = (
				E2A18438216BD5E000C5089D /* AppDelegate.swift */,
				E2A1843A216BD5E000C5089D /* LoginVC.swift */,
				E2A1843C216BD5E000C5089D /* Main.storyboard */,
				E2A1843F216BD5E300C5089D /* Assets.xcassets */,
				E2A18441216BD5E300C5089D /* LaunchScreen.storyboard */,
				E2A18444216BD5E300C5089D /* Info.plist */,
				E2A18468216BDAFA00C5089D /* MusicListVC.swift */,
				E2A1846A216BE1B600C5089D /* PlaySongVC.swift */,
			);
			path = "Connect Screens With Segues";
			sourceTree = "<group>";
		};
		E2A1844C216BD5E300C5089D /* Connect Screens With SeguesTests */ = {
			isa = PBXGroup;
			children = (
				E2A1844D216BD5E300C5089D /* Connect_Screens_With_SeguesTests.swift */,
				E2A1844F216BD5E300C5089D /* Info.plist */,
			);
			path = "Connect Screens With SeguesTests";
			sourceTree = "<group>";
		};
		E2A18457216BD5E300C5089D /* Connect Screens With SeguesUITests */ = {
			isa = PBXGroup;
			children = (
				E2A18458216BD5E300C5089D /* Connect_Screens_With_SeguesUITests.swift */,
				E2A1845A216BD5E300C5089D /* Info.plist */,
			);
			path = "Connect Screens With SeguesUITests";
			sourceTree = "<group>";
		};
/* End PBXGroup section */

/* Begin PBXNativeTarget section */
		E2A18434216BD5E000C5089D /* Connect Screens With Segues */ = {
			isa = PBXNativeTarget;
			buildConfigurationList = E2A1845D216BD5E300C5089D /* Build configuration list for PBXNativeTarget "Connect Screens With Segues" */;
			buildPhases = (
				E2A18431216BD5E000C5089D /* Sources */,
				E2A18432216BD5E000C5089D /* Frameworks */,
				E2A18433216BD5E000C5089D /* Resources */,
			);
			buildRules = (
			);
			dependencies = (
			);
			name = "Connect Screens With Segues";
			productName = "Connect Screens With Segues";
			productReference = E2A18435216BD5E000C5089D /* Connect Screens With Segues.app */;
			productType = "com.apple.product-type.application";
		};
		E2A18448216BD5E300C5089D /* Connect Screens With SeguesTests */ = {
			isa = PBXNativeTarget;
			buildConfigurationList = E2A18460216BD5E300C5089D /* Build configuration list for PBXNativeTarget "Connect Screens With SeguesTests" */;
			buildPhases = (
				E2A18445216BD5E300C5089D /* Sources */,
				E2A18446216BD5E300C5089D /* Frameworks */,
				E2A18447216BD5E300C5089D /* Resources */,
			);
			buildRules = (
			);
			dependencies = (
				E2A1844B216BD5E300C5089D /* PBXTargetDependency */,
			);
			name = "Connect Screens With SeguesTests";
			productName = "Connect Screens With SeguesTests";
			productReference = E2A18449216BD5E300C5089D /* Connect Screens With SeguesTests.xctest */;
			productType = "com.apple.product-type.bundle.unit-test";
		};
		E2A18453216BD5E300C5089D /* Connect Screens With SeguesUITests */ = {
			isa = PBXNativeTarget;
			buildConfigurationList = E2A18463216BD5E300C5089D /* Build configuration list for PBXNativeTarget "Connect Screens With SeguesUITests" */;
			buildPhases = (
				E2A18450216BD5E300C5089D /* Sources */,
				E2A18451216BD5E300C5089D /* Frameworks */,
				E2A18452216BD5E300C5089D /* Resources */,
			);
			buildRules = (
			);
			dependencies = (
				E2A18456216BD5E300C5089D /* PBXTargetDependency */,
			);
			name = "Connect Screens With SeguesUITests";
			productName = "Connect Screens With SeguesUITests";
			productReference = E2A18454216BD5E300C5089D /* Connect Screens With SeguesUITests.xctest */;
			productType = "com.apple.product-type.bundle.ui-testing";
		};
/* End PBXNativeTarget section */

/* Begin PBXProject section */
		E2A1842D216BD5E000C5089D /* Project object */ = {
			isa = PBXProject;
			attributes = {
				LastSwiftUpdateCheck = 0930;
				LastUpgradeCheck = 0930;
				ORGANIZATIONNAME = "Ahmed Ibrahim";
				TargetAttributes = {
					E2A18434216BD5E000C5089D = {
						CreatedOnToolsVersion = 9.3;
					};
					E2A18448216BD5E300C5089D = {
						CreatedOnToolsVersion = 9.3;
						TestTargetID = E2A18434216BD5E000C5089D;
					};
					E2A18453216BD5E300C5089D = {
						CreatedOnToolsVersion = 9.3;
						TestTargetID = E2A18434216BD5E000C5089D;
					};
				};
			};
			buildConfigurationList = E2A18430216BD5E000C5089D /* Build configuration list for PBXProject "Connect Screens With Segues" */;
			compatibilityVersion = "Xcode 9.3";
			developmentRegion = en;
			hasScannedForEncodings = 0;
			knownRegions = (
				en,
				Base,
			);
			mainGroup = E2A1842C216BD5E000C5089D;
			productRefGroup = E2A18436216BD5E000C5089D /* Products */;
			projectDirPath = "";
			projectRoot = "";
			targets = (
				E2A18434216BD5E000C5089D /* Connect Screens With Segues */,
				E2A18448216BD5E300C5089D /* Connect Screens With SeguesTests */,
				E2A18453216BD5E300C5089D /* Connect Screens With SeguesUITests */,
			);
		};
/* End PBXProject section */

/* Begin PBXResourcesBuildPhase section */
		E2A18433216BD5E000C5089D /* Resources */ = {
			isa = PBXResourcesBuildPhase;
			buildActionMask = 2147483647;
			files = (
				E2A18443216BD5E300C5089D /* LaunchScreen.storyboard in Resources */,
				E2A18440216BD5E300C5089D /* Assets.xcassets in Resources */,
				E2A1843E216BD5E000C5089D /* Main.storyboard in Resources */,
			);
			runOnlyForDeploymentPostprocessing = 0;
		};
		E2A18447216BD5E300C5089D /* Resources */ = {
			isa = PBXResourcesBuildPhase;
			buildActionMask = 2147483647;
			files = (
			);
			runOnlyForDeploymentPostprocessing = 0;
		};
		E2A18452216BD5E300C5089D /* Resources */ = {
			isa = PBXResourcesBuildPhase;
			buildActionMask = 2147483647;
			files = (
			);
			runOnlyForDeploymentPostprocessing = 0;
		};
/* End PBXResourcesBuildPhase section */

/* Begin PBXSourcesBuildPhase section */
		E2A18431216BD5E000C5089D /* Sources */ = {
			isa = PBXSourcesBuildPhase;
			buildActionMask = 2147483647;
			files = (
				E2A18469216BDAFA00C5089D /* MusicListVC.swift in Sources */,
				E2A1846B216BE1B600C5089D /* PlaySongVC.swift in Sources */,
				E2A1843B216BD5E000C5089D /* LoginVC.swift in Sources */,
				E2A18439216BD5E000C5089D /* AppDelegate.swift in Sources */,
			);
			runOnlyForDeploymentPostprocessing = 0;
		};
		E2A18445216BD5E300C5089D /* Sources */ = {
			isa = PBXSourcesBuildPhase;
			buildActionMask = 2147483647;
			files = (
				E2A1844E216BD5E300C5089D /* Connect_Screens_With_SeguesTests.swift in Sources */,
			);
			runOnlyForDeploymentPostprocessing = 0;
		};
		E2A18450216BD5E300C5089D /* Sources */ = {
			isa = PBXSourcesBuildPhase;
			buildActionMask = 2147483647;
			files = (
				E2A18459216BD5E300C5089D /* Connect_Screens_With_SeguesUITests.swift in Sources */,
			);
			runOnlyForDeploymentPostprocessing = 0;
		};
/* End PBXSourcesBuildPhase section */

/* Begin PBXTargetDependency section */
		E2A1844B216BD5E300C5089D /* PBXTargetDependency */ = {
			isa = PBXTargetDependency;
			target = E2A18434216BD5E000C5089D /* Connect Screens With Segues */;
			targetProxy = E2A1844A216BD5E300C5089D /* PBXContainerItemProxy */;
		};
		E2A18456216BD5E300C5089D /* PBXTargetDependency */ = {
			isa = PBXTargetDependency;
			target = E2A18434216BD5E000C5089D /* Connect Screens With Segues */;
			targetProxy = E2A18455216BD5E300C5089D /* PBXContainerItemProxy */;
		};
/* End PBXTargetDependency section */

/* Begin PBXVariantGroup section */
		E2A1843C216BD5E000C5089D /* Main.storyboard */ = {
			isa = PBXVariantGroup;
			children = (
				E2A1843D216BD5E000C5089D /* Base */,
			);
			name = Main.storyboard;
			sourceTree = "<group>";
		};
		E2A18441216BD5E300C5089D /* LaunchScreen.storyboard */ = {
			isa = PBXVariantGroup;
			children = (
				E2A18442216BD5E300C5089D /* Base */,
			);
			name = LaunchScreen.storyboard;
			sourceTree = "<group>";
		};
/* End PBXVariantGroup section */

/* Begin XCBuildConfiguration section */
		E2A1845B216BD5E300C5089D /* Debug */ = {
			isa = XCBuildConfiguration;
			buildSettings = {
				ALWAYS_SEARCH_USER_PATHS = NO;
				CLANG_ANALYZER_NONNULL = YES;
				CLANG_ANALYZER_NUMBER_OBJECT_CONVERSION = YES_AGGRESSIVE;
				CLANG_CXX_LANGUAGE_STANDARD = "gnu++14";
				CLANG_CXX_LIBRARY = "libc++";
				CLANG_ENABLE_MODULES = YES;
				CLANG_ENABLE_OBJC_ARC = YES;
				CLANG_ENABLE_OBJC_WEAK = YES;
				CLANG_WARN_BLOCK_CAPTURE_AUTORELEASING = YES;
				CLANG_WARN_BOOL_CONVERSION = YES;
				CLANG_WARN_COMMA = YES;
				CLANG_WARN_CONSTANT_CONVERSION = YES;
				CLANG_WARN_DEPRECATED_OBJC_IMPLEMENTATIONS = YES;
				CLANG_WARN_DIRECT_OBJC_ISA_USAGE = YES_ERROR;
				CLANG_WARN_DOCUMENTATION_COMMENTS = YES;
				CLANG_WARN_EMPTY_BODY = YES;
				CLANG_WARN_ENUM_CONVERSION = YES;
				CLANG_WARN_INFINITE_RECURSION = YES;
				CLANG_WARN_INT_CONVERSION = YES;
				CLANG_WARN_NON_LITERAL_NULL_CONVERSION = YES;
				CLANG_WARN_OBJC_IMPLICIT_RETAIN_SELF = YES;
				CLANG_WARN_OBJC_LITERAL_CONVERSION = YES;
				CLANG_WARN_OBJC_ROOT_CLASS = YES_ERROR;
				CLANG_WARN_RANGE_LOOP_ANALYSIS = YES;
				CLANG_WARN_STRICT_PROTOTYPES = YES;
				CLANG_WARN_SUSPICIOUS_MOVE = YES;
				CLANG_WARN_UNGUARDED_AVAILABILITY = YES_AGGRESSIVE;
				CLANG_WARN_UNREACHABLE_CODE = YES;
				CLANG_WARN__DUPLICATE_METHOD_MATCH = YES;
				CODE_SIGN_IDENTITY = "iPhone Developer";
				COPY_PHASE_STRIP = NO;
				DEBUG_INFORMATION_FORMAT = dwarf;
				ENABLE_STRICT_OBJC_MSGSEND = YES;
				ENABLE_TESTABILITY = YES;
				GCC_C_LANGUAGE_STANDARD = gnu11;
				GCC_DYNAMIC_NO_PIC = NO;
				GCC_NO_COMMON_BLOCKS = YES;
				GCC_OPTIMIZATION_LEVEL = 0;
				GCC_PREPROCESSOR_DEFINITIONS = (
					"DEBUG=1",
					"$(inherited)",
				);
				GCC_WARN_64_TO_32_BIT_CONVERSION = YES;
				GCC_WARN_ABOUT_RETURN_TYPE = YES_ERROR;
				GCC_WARN_UNDECLARED_SELECTOR = YES;
				GCC_WARN_UNINITIALIZED_AUTOS = YES_AGGRESSIVE;
				GCC_WARN_UNUSED_FUNCTION = YES;
				GCC_WARN_UNUSED_VARIABLE = YES;
				IPHONEOS_DEPLOYMENT_TARGET = 11.3;
				MTL_ENABLE_DEBUG_INFO = YES;
				ONLY_ACTIVE_ARCH = YES;
				SDKROOT = iphoneos;
				SWIFT_ACTIVE_COMPILATION_CONDITIONS = DEBUG;
				SWIFT_OPTIMIZATION_LEVEL = "-Onone";
			};
			name = Debug;
		};
		E2A1845C216BD5E300C5089D /* Release */ = {
			isa = XCBuildConfiguration;
			buildSettings = {
				ALWAYS_SEARCH_USER_PATHS = NO;
				CLANG_ANALYZER_NONNULL = YES;
				CLANG_ANALYZER_NUMBER_OBJECT_CONVERSION = YES_AGGRESSIVE;
				CLANG_CXX_LANGUAGE_STANDARD = "gnu++14";
				CLANG_CXX_LIBRARY = "libc++";
				CLANG_ENABLE_MODULES = YES;
				CLANG_ENABLE_OBJC_ARC = YES;
				CLANG_ENABLE_OBJC_WEAK = YES;
				CLANG_WARN_BLOCK_CAPTURE_AUTORELEASING = YES;
				CLANG_WARN_BOOL_CONVERSION = YES;
				CLANG_WARN_COMMA = YES;
				CLANG_WARN_CONSTANT_CONVERSION = YES;
				CLANG_WARN_DEPRECATED_OBJC_IMPLEMENTATIONS = YES;
				CLANG_WARN_DIRECT_OBJC_ISA_USAGE = YES_ERROR;
				CLANG_WARN_DOCUMENTATION_COMMENTS = YES;
				CLANG_WARN_EMPTY_BODY = YES;
				CLANG_WARN_ENUM_CONVERSION = YES;
				CLANG_WARN_INFINITE_RECURSION = YES;
				CLANG_WARN_INT_CONVERSION = YES;
				CLANG_WARN_NON_LITERAL_NULL_CONVERSION = YES;
				CLANG_WARN_OBJC_IMPLICIT_RETAIN_SELF = YES;
				CLANG_WARN_OBJC_LITERAL_CONVERSION = YES;
				CLANG_WARN_OBJC_ROOT_CLASS = YES_ERROR;
				CLANG_WARN_RANGE_LOOP_ANALYSIS = YES;
				CLANG_WARN_STRICT_PROTOTYPES = YES;
				CLANG_WARN_SUSPICIOUS_MOVE = YES;
				CLANG_WARN_UNGUARDED_AVAILABILITY = YES_AGGRESSIVE;
				CLANG_WARN_UNREACHABLE_CODE = YES;
				CLANG_WARN__DUPLICATE_METHOD_MATCH = YES;
				CODE_SIGN_IDENTITY = "iPhone Developer";
				COPY_PHASE_STRIP = NO;
				DEBUG_INFORMATION_FORMAT = "dwarf-with-dsym";
				ENABLE_NS_ASSERTIONS = NO;
				ENABLE_STRICT_OBJC_MSGSEND = YES;
				GCC_C_LANGUAGE_STANDARD = gnu11;
				GCC_NO_COMMON_BLOCKS = YES;
				GCC_WARN_64_TO_32_BIT_CONVERSION = YES;
				GCC_WARN_ABOUT_RETURN_TYPE = YES_ERROR;
				GCC_WARN_UNDECLARED_SELECTOR = YES;
				GCC_WARN_UNINITIALIZED_AUTOS = YES_AGGRESSIVE;
				GCC_WARN_UNUSED_FUNCTION = YES;
				GCC_WARN_UNUSED_VARIABLE = YES;
				IPHONEOS_DEPLOYMENT_TARGET = 11.3;
				MTL_ENABLE_DEBUG_INFO = NO;
				SDKROOT = iphoneos;
				SWIFT_OPTIMIZATION_LEVEL = "-Owholemodule";
				VALIDATE_PRODUCT = YES;
			};
			name = Release;
		};
		E2A1845E216BD5E300C5089D /* Debug */ = {
			isa = XCBuildConfiguration;
			buildSettings = {
				ASSETCATALOG_COMPILER_APPICON_NAME = AppIcon;
				CODE_SIGN_STYLE = Automatic;
				INFOPLIST_FILE = "Connect Screens With Segues/Info.plist";
				LD_RUNPATH_SEARCH_PATHS = (
					"$(inherited)",
					"@executable_path/Frameworks",
				);
				PRODUCT_BUNDLE_IDENTIFIER = "ahmed.fci93.Connect-Screens-With-Segues";
				PRODUCT_NAME = "$(TARGET_NAME)";
				SWIFT_VERSION = 4.0;
				TARGETED_DEVICE_FAMILY = "1,2";
			};
			name = Debug;
		};
		E2A1845F216BD5E300C5089D /* Release */ = {
			isa = XCBuildConfiguration;
			buildSettings = {
				ASSETCATALOG_COMPILER_APPICON_NAME = AppIcon;
				CODE_SIGN_STYLE = Automatic;
				INFOPLIST_FILE = "Connect Screens With Segues/Info.plist";
				LD_RUNPATH_SEARCH_PATHS = (
					"$(inherited)",
					"@executable_path/Frameworks",
				);
				PRODUCT_BUNDLE_IDENTIFIER = "ahmed.fci93.Connect-Screens-With-Segues";
				PRODUCT_NAME = "$(TARGET_NAME)";
				SWIFT_VERSION = 4.0;
				TARGETED_DEVICE_FAMILY = "1,2";
			};
			name = Release;
		};
		E2A18461216BD5E300C5089D /* Debug */ = {
			isa = XCBuildConfiguration;
			buildSettings = {
				ALWAYS_EMBED_SWIFT_STANDARD_LIBRARIES = YES;
				BUNDLE_LOADER = "$(TEST_HOST)";
				CODE_SIGN_STYLE = Automatic;
				INFOPLIST_FILE = "Connect Screens With SeguesTests/Info.plist";
				LD_RUNPATH_SEARCH_PATHS = (
					"$(inherited)",
					"@executable_path/Frameworks",
					"@loader_path/Frameworks",
				);
				PRODUCT_BUNDLE_IDENTIFIER = "ahmed.fci93.Connect-Screens-With-SeguesTests";
				PRODUCT_NAME = "$(TARGET_NAME)";
				SWIFT_VERSION = 4.0;
				TARGETED_DEVICE_FAMILY = "1,2";
				TEST_HOST = "$(BUILT_PRODUCTS_DIR)/Connect Screens With Segues.app/Connect Screens With Segues";
			};
			name = Debug;
		};
		E2A18462216BD5E300C5089D /* Release */ = {
			isa = XCBuildConfiguration;
			buildSettings = {
				ALWAYS_EMBED_SWIFT_STANDARD_LIBRARIES = YES;
				BUNDLE_LOADER = "$(TEST_HOST)";
				CODE_SIGN_STYLE = Automatic;
				INFOPLIST_FILE = "Connect Screens With SeguesTests/Info.plist";
				LD_RUNPATH_SEARCH_PATHS = (
					"$(inherited)",
					"@executable_path/Frameworks",
					"@loader_path/Frameworks",
				);
				PRODUCT_BUNDLE_IDENTIFIER = "ahmed.fci93.Connect-Screens-With-SeguesTests";
				PRODUCT_NAME = "$(TARGET_NAME)";
				SWIFT_VERSION = 4.0;
				TARGETED_DEVICE_FAMILY = "1,2";
				TEST_HOST = "$(BUILT_PRODUCTS_DIR)/Connect Screens With Segues.app/Connect Screens With Segues";
			};
			name = Release;
		};
		E2A18464216BD5E300C5089D /* Debug */ = {
			isa = XCBuildConfiguration;
			buildSettings = {
				ALWAYS_EMBED_SWIFT_STANDARD_LIBRARIES = YES;
				CODE_SIGN_STYLE = Automatic;
				INFOPLIST_FILE = "Connect Screens With SeguesUITests/Info.plist";
				LD_RUNPATH_SEARCH_PATHS = (
					"$(inherited)",
					"@executable_path/Frameworks",
					"@loader_path/Frameworks",
				);
				PRODUCT_BUNDLE_IDENTIFIER = "ahmed.fci93.Connect-Screens-With-SeguesUITests";
				PRODUCT_NAME = "$(TARGET_NAME)";
				SWIFT_VERSION = 4.0;
				TARGETED_DEVICE_FAMILY = "1,2";
				TEST_TARGET_NAME = "Connect Screens With Segues";
			};
			name = Debug;
		};
		E2A18465216BD5E300C5089D /* Release */ = {
			isa = XCBuildConfiguration;
			buildSettings = {
				ALWAYS_EMBED_SWIFT_STANDARD_LIBRARIES = YES;
				CODE_SIGN_STYLE = Automatic;
				INFOPLIST_FILE = "Connect Screens With SeguesUITests/Info.plist";
				LD_RUNPATH_SEARCH_PATHS = (
					"$(inherited)",
					"@executable_path/Frameworks",
					"@loader_path/Frameworks",
				);
				PRODUCT_BUNDLE_IDENTIFIER = "ahmed.fci93.Connect-Screens-With-SeguesUITests";
				PRODUCT_NAME = "$(TARGET_NAME)";
				SWIFT_VERSION = 4.0;
				TARGETED_DEVICE_FAMILY = "1,2";
				TEST_TARGET_NAME = "Connect Screens With Segues";
			};
			name = Release;
		};
/* End XCBuildConfiguration section */

/* Begin XCConfigurationList section */
		E2A18430216BD5E000C5089D /* Build configuration list for PBXProject "Connect Screens With Segues" */ = {
			isa = XCConfigurationList;
			buildConfigurations = (
				E2A1845B216BD5E300C5089D /* Debug */,
				E2A1845C216BD5E300C5089D /* Release */,
			);
			defaultConfigurationIsVisible = 0;
			defaultConfigurationName = Release;
		};
		E2A1845D216BD5E300C5089D /* Build configuration list for PBXNativeTarget "Connect Screens With Segues" */ = {
			isa = XCConfigurationList;
			buildConfigurations = (
				E2A1845E216BD5E300C5089D /* Debug */,
				E2A1845F216BD5E300C5089D /* Release */,
			);
			defaultConfigurationIsVisible = 0;
			defaultConfigurationName = Release;
		};
		E2A18460216BD5E300C5089D /* Build configuration list for PBXNativeTarget "Connect Screens With SeguesTests" */ = {
			isa = XCConfigurationList;
			buildConfigurations = (
				E2A18461216BD5E300C5089D /* Debug */,
				E2A18462216BD5E300C5089D /* Release */,
			);
			defaultConfigurationIsVisible = 0;
			defaultConfigurationName = Release;
		};
		E2A18463216BD5E300C5089D /* Build configuration list for PBXNativeTarget "Connect Screens With SeguesUITests" */ = {
			isa = XCConfigurationList;
			buildConfigurations = (
				E2A18464216BD5E300C5089D /* Debug */,
				E2A18465216BD5E300C5089D /* Release */,
			);
			defaultConfigurationIsVisible = 0;
			defaultConfigurationName = Release;
		};
/* End XCConfigurationList section */
	};
	rootObject = E2A1842D216BD5E000C5089D /* Project object */;
}
